
Microsoft Visual Studio Solution File, Format Version 12.00
# Blend for Visual Studio 15
VisualStudioVersion = 15.0.27130.2010
MinimumVisualStudioVersion = 10.0.40219.1
Project("{FAE04EC0-301F-11D3-BF4B-00C04F79EFBC}") = "Cooking Instructor", "Cooking Instructor\Cooking Instructor.csproj", "{5DF463F4-2A72-43D1-99A2-8390E529B4F7}"
EndProject
Global
	GlobalSection(SolutionConfigurationPlatforms) = preSolution
		Debug|Any CPU = Debug|Any CPU
		Release|Any CPU = Release|Any CPU
	EndGlobalSection
	GlobalSection(ProjectConfigurationPlatforms) = postSolution
		{5DF463F4-2A72-43D1-99A2-8390E529B4F7}.Debug|Any CPU.ActiveCfg = Debug|Any CPU
		{5DF463F4-2A72-43D1-99A2-8390E529B4F7}.Debug|Any CPU.Build.0 = Debug|Any CPU
		{5DF463F4-2A72-43D1-99A2-8390E529B4F7}.Release|Any CPU.ActiveCfg = Release|Any CPU
		{5DF463F4-2A72-43D1-99A2-8390E529B4F7}.Release|Any CPU.Build.0 = Release|Any CPU
	EndGlobalSection
	GlobalSection(SolutionProperties) = preSolution
		HideSolutionNode = FALSE
	EndGlobalSection
	GlobalSection(ExtensibilityGlobals) = postSolution
		SolutionGuid = {868EA7E4-5506-4C55-9B41-31C438EA0BE1}
	EndGlobalSection
EndGlobal
